// !$*UTF8*$!
{
	archiveVersion = 1;
	classes = {
	};
	objectVersion = 50;
	objects = {

/* Begin PBXBuildFile section */
		61BD6C7F259EF9CB0056BAAE /* AppDelegate.swift in Sources */ = {isa = PBXBuildFile; fileRef = 61BD6C7E259EF9CB0056BAAE /* AppDelegate.swift */; };
		61BD6C81259EF9CB0056BAAE /* SceneDelegate.swift in Sources */ = {isa = PBXBuildFile; fileRef = 61BD6C80259EF9CB0056BAAE /* SceneDelegate.swift */; };
		61BD6C83259EF9CB0056BAAE /* IntroductionViewController.swift in Sources */ = {isa = PBXBuildFile; fileRef = 61BD6C82259EF9CB0056BAAE /* IntroductionViewController.swift */; };
		61BD6C86259EF9CB0056BAAE /* Main.storyboard in Resources */ = {isa = PBXBuildFile; fileRef = 61BD6C84259EF9CB0056BAAE /* Main.storyboard */; };
		61BD6C88259EF9CC0056BAAE /* Assets.xcassets in Resources */ = {isa = PBXBuildFile; fileRef = 61BD6C87259EF9CC0056BAAE /* Assets.xcassets */; };
		61BD6C8B259EF9CC0056BAAE /* LaunchScreen.storyboard in Resources */ = {isa = PBXBuildFile; fileRef = 61BD6C89259EF9CC0056BAAE /* LaunchScreen.storyboard */; };
		61BD6C94259F074F0056BAAE /* QuestionViewController.swift in Sources */ = {isa = PBXBuildFile; fileRef = 61BD6C93259F074F0056BAAE /* QuestionViewController.swift */; };
		61BD6C97259F077E0056BAAE /* ResultsViewController.swift in Sources */ = {isa = PBXBuildFile; fileRef = 61BD6C96259F077E0056BAAE /* ResultsViewController.swift */; };
		61BD6C9B259F45B80056BAAE /* Question.swift in Sources */ = {isa = PBXBuildFile; fileRef = 61BD6C9A259F45B80056BAAE /* Question.swift */; };
/* End PBXBuildFile section */

/* Begin PBXFileReference section */
		61BD6C7B259EF9CB0056BAAE /* PersonalityQuiz.app */ = {isa = PBXFileReference; explicitFileType = wrapper.application; includeInIndex = 0; path = PersonalityQuiz.app; sourceTree = BUILT_PRODUCTS_DIR; };
		61BD6C7E259EF9CB0056BAAE /* AppDelegate.swift */ = {isa = PBXFileReference; lastKnownFileType = sourcecode.swift; path = AppDelegate.swift; sourceTree = "<group>"; };
		61BD6C80259EF9CB0056BAAE /* SceneDelegate.swift */ = {isa = PBXFileReference; lastKnownFileType = sourcecode.swift; path = SceneDelegate.swift; sourceTree = "<group>"; };
		61BD6C82259EF9CB0056BAAE /* IntroductionViewController.swift */ = {isa = PBXFileReference; lastKnownFileType = sourcecode.swift; path = IntroductionViewController.swift; sourceTree = "<group>"; };
		61BD6C85259EF9CB0056BAAE /* Base */ = {isa = PBXFileReference; lastKnownFileType = file.storyboard; name = Base; path = Base.lproj/Main.storyboard; sourceTree = "<group>"; };
		61BD6C87259EF9CC0056BAAE /* Assets.xcassets */ = {isa = PBXFileReference; lastKnownFileType = folder.assetcatalog; path = Assets.xcassets; sourceTree = "<group>"; };
		61BD6C8A259EF9CC0056BAAE /* Base */ = {isa = PBXFileReference; lastKnownFileType = file.storyboard; name = Base; path = Base.lproj/LaunchScreen.storyboard; sourceTree = "<group>"; };
		61BD6C8C259EF9CC0056BAAE /* Info.plist */ = {isa = PBXFileReference; lastKnownFileType = text.plist.xml; path = Info.plist; sourceTree = "<group>"; };
		61BD6C93259F074F0056BAAE /* QuestionViewController.swift */ = {isa = PBXFileReference; lastKnownFileType = sourcecode.swift; path = QuestionViewController.swift; sourceTree = "<group>"; };
		61BD6C96259F077E0056BAAE /* ResultsViewController.swift */ = {isa = PBXFileReference; lastKnownFileType = sourcecode.swift; path = ResultsViewController.swift; sourceTree = "<group>"; };
		61BD6C9A259F45B80056BAAE /* Question.swift */ = {isa = PBXFileReference; lastKnownFileType = sourcecode.swift; path = Question.swift; sourceTree = "<group>"; };
/* End PBXFileReference section */

/* Begin PBXFrameworksBuildPhase section */
		61BD6C78259EF9CB0056BAAE /* Frameworks */ = {
			isa = PBXFrameworksBuildPhase;
			buildActionMask = 2147483647;
			files = (
			);
			runOnlyForDeploymentPostprocessing = 0;
		};
/* End PBXFrameworksBuildPhase section */

/* Begin PBXGroup section */
		61BD6C72259EF9CB0056BAAE = {
			isa = PBXGroup;
			children = (
				61BD6C7D259EF9CB0056BAAE /* PersonalityQuiz */,
				61BD6C7C259EF9CB0056BAAE /* Products */,
			);
			sourceTree = "<group>";
		};
		61BD6C7C259EF9CB0056BAAE /* Products */ = {
			isa = PBXGroup;
			children = (
				61BD6C7B259EF9CB0056BAAE /* PersonalityQuiz.app */,
			);
			name = Products;
			sourceTree = "<group>";
		};
		61BD6C7D259EF9CB0056BAAE /* PersonalityQuiz */ = {
			isa = PBXGroup;
			children = (
				61BD6C7E259EF9CB0056BAAE /* AppDelegate.swift */,
				61BD6C80259EF9CB0056BAAE /* SceneDelegate.swift */,
				61BD6C82259EF9CB0056BAAE /* IntroductionViewController.swift */,
				61BD6C84259EF9CB0056BAAE /* Main.storyboard */,
				61BD6C9A259F45B80056BAAE /* Question.swift */,
				61BD6C93259F074F0056BAAE /* QuestionViewController.swift */,
				61BD6C96259F077E0056BAAE /* ResultsViewController.swift */,
				61BD6C87259EF9CC0056BAAE /* Assets.xcassets */,
				61BD6C89259EF9CC0056BAAE /* LaunchScreen.storyboard */,
				61BD6C8C259EF9CC0056BAAE /* Info.plist */,
			);
			path = PersonalityQuiz;
			sourceTree = "<group>";
		};
/* End PBXGroup section */

/* Begin PBXNativeTarget section */
		61BD6C7A259EF9CB0056BAAE /* PersonalityQuiz */ = {
			isa = PBXNativeTarget;
			buildConfigurationList = 61BD6C8F259EF9CC0056BAAE /* Build configuration list for PBXNativeTarget "PersonalityQuiz" */;
			buildPhases = (
				61BD6C77259EF9CB0056BAAE /* Sources */,
				61BD6C78259EF9CB0056BAAE /* Frameworks */,
				61BD6C79259EF9CB0056BAAE /* Resources */,
			);
			buildRules = (
			);
			dependencies = (
			);
			name = PersonalityQuiz;
			productName = PersonalityQuiz;
			productReference = 61BD6C7B259EF9CB0056BAAE /* PersonalityQuiz.app */;
			productType = "com.apple.product-type.application";
		};
/* End PBXNativeTarget section */

/* Begin PBXProject section */
		61BD6C73259EF9CB0056BAAE /* Project object */ = {
			isa = PBXProject;
			attributes = {
				LastSwiftUpdateCheck = 1230;
				LastUpgradeCheck = 1230;
				TargetAttributes = {
					61BD6C7A259EF9CB0056BAAE = {
						CreatedOnToolsVersion = 12.3;
					};
				};
			};
			buildConfigurationList = 61BD6C76259EF9CB0056BAAE /* Build configuration list for PBXProject "PersonalityQuiz" */;
			compatibilityVersion = "Xcode 9.3";
			developmentRegion = en;
			hasScannedForEncodings = 0;
			knownRegions = (
				en,
				Base,
			);
			mainGroup = 61BD6C72259EF9CB0056BAAE;
			productRefGroup = 61BD6C7C259EF9CB0056BAAE /* Products */;
			projectDirPath = "";
			projectRoot = "";
			targets = (
				61BD6C7A259EF9CB0056BAAE /* PersonalityQuiz */,
			);
		};
/* End PBXProject section */

/* Begin PBXResourcesBuildPhase section */
		61BD6C79259EF9CB0056BAAE /* Resources */ = {
			isa = PBXResourcesBuildPhase;
			buildActionMask = 2147483647;
			files = (
				61BD6C8B259EF9CC0056BAAE /* LaunchScreen.storyboard in Resources */,
				61BD6C88259EF9CC0056BAAE /* Assets.xcassets in Resources */,
				61BD6C86259EF9CB0056BAAE /* Main.storyboard in Resources */,
			);
			runOnlyForDeploymentPostprocessing = 0;
		};
/* End PBXResourcesBuildPhase section */

/* Begin PBXSourcesBuildPhase section */
		61BD6C77259EF9CB0056BAAE /* Sources */ = {
			isa = PBXSourcesBuildPhase;
			buildActionMask = 2147483647;
			files = (
				61BD6C83259EF9CB0056BAAE /* IntroductionViewController.swift in Sources */,
				61BD6C7F259EF9CB0056BAAE /* AppDelegate.swift in Sources */,
				61BD6C94259F074F0056BAAE /* QuestionViewController.swift in Sources */,
				61BD6C9B259F45B80056BAAE /* Question.swift in Sources */,
				61BD6C97259F077E0056BAAE /* ResultsViewController.swift in Sources */,
				61BD6C81259EF9CB0056BAAE /* SceneDelegate.swift in Sources */,
			);
			runOnlyForDeploymentPostprocessing = 0;
		};
/* End PBXSourcesBuildPhase section */

/* Begin PBXVariantGroup section */
		61BD6C84259EF9CB0056BAAE /* Main.storyboard */ = {
			isa = PBXVariantGroup;
			children = (
				61BD6C85259EF9CB0056BAAE /* Base */,
			);
			name = Main.storyboard;
			sourceTree = "<group>";
		};
		61BD6C89259EF9CC0056BAAE /* LaunchScreen.storyboard */ = {
			isa = PBXVariantGroup;
			children = (
				61BD6C8A259EF9CC0056BAAE /* Base */,
			);
			name = LaunchScreen.storyboard;
			sourceTree = "<group>";
		};
/* End PBXVariantGroup section */

/* Begin XCBuildConfiguration section */
		61BD6C8D259EF9CC0056BAAE /* Debug */ = {
			isa = XCBuildConfiguration;
			buildSettings = {
				ALWAYS_SEARCH_USER_PATHS = NO;
				CLANG_ANALYZER_NONNULL = YES;
				CLANG_ANALYZER_NUMBER_OBJECT_CONVERSION = YES_AGGRESSIVE;
				CLANG_CXX_LANGUAGE_STANDARD = "gnu++14";
				CLANG_CXX_LIBRARY = "libc++";
				CLANG_ENABLE_MODULES = YES;
				CLANG_ENABLE_OBJC_ARC = YES;
				CLANG_ENABLE_OBJC_WEAK = YES;
				CLANG_WARN_BLOCK_CAPTURE_AUTORELEASING = YES;
				CLANG_WARN_BOOL_CONVERSION = YES;
				CLANG_WARN_COMMA = YES;
				CLANG_WARN_CONSTANT_CONVERSION = YES;
				CLANG_WARN_DEPRECATED_OBJC_IMPLEMENTATIONS = YES;
				CLANG_WARN_DIRECT_OBJC_ISA_USAGE = YES_ERROR;
				CLANG_WARN_DOCUMENTATION_COMMENTS = YES;
				CLANG_WARN_EMPTY_BODY = YES;
				CLANG_WARN_ENUM_CONVERSION = YES;
				CLANG_WARN_INFINITE_RECURSION = YES;
				CLANG_WARN_INT_CONVERSION = YES;
				CLANG_WARN_NON_LITERAL_NULL_CONVERSION = YES;
				CLANG_WARN_OBJC_IMPLICIT_RETAIN_SELF = YES;
				CLANG_WARN_OBJC_LITERAL_CONVERSION = YES;
				CLANG_WARN_OBJC_ROOT_CLASS = YES_ERROR;
				CLANG_WARN_QUOTED_INCLUDE_IN_FRAMEWORK_HEADER = YES;
				CLANG_WARN_RANGE_LOOP_ANALYSIS = YES;
				CLANG_WARN_STRICT_PROTOTYPES = YES;
				CLANG_WARN_SUSPICIOUS_MOVE = YES;
				CLANG_WARN_UNGUARDED_AVAILABILITY = YES_AGGRESSIVE;
				CLANG_WARN_UNREACHABLE_CODE = YES;
				CLANG_WARN__DUPLICATE_METHOD_MATCH = YES;
				COPY_PHASE_STRIP = NO;
				DEBUG_INFORMATION_FORMAT = dwarf;
				ENABLE_STRICT_OBJC_MSGSEND = YES;
				ENABLE_TESTABILITY = YES;
				GCC_C_LANGUAGE_STANDARD = gnu11;
				GCC_DYNAMIC_NO_PIC = NO;
				GCC_NO_COMMON_BLOCKS = YES;
				GCC_OPTIMIZATION_LEVEL = 0;
				GCC_PREPROCESSOR_DEFINITIONS = (
					"DEBUG=1",
					"$(inherited)",
				);
				GCC_WARN_64_TO_32_BIT_CONVERSION = YES;
				GCC_WARN_ABOUT_RETURN_TYPE = YES_ERROR;
				GCC_WARN_UNDECLARED_SELECTOR = YES;
				GCC_WARN_UNINITIALIZED_AUTOS = YES_AGGRESSIVE;
				GCC_WARN_UNUSED_FUNCTION = YES;
				GCC_WARN_UNUSED_VARIABLE = YES;
				IPHONEOS_DEPLOYMENT_TARGET = 14.3;
				MTL_ENABLE_DEBUG_INFO = INCLUDE_SOURCE;
				MTL_FAST_MATH = YES;
				ONLY_ACTIVE_ARCH = YES;
				SDKROOT = iphoneos;
				SWIFT_ACTIVE_COMPILATION_CONDITIONS = DEBUG;
				SWIFT_OPTIMIZATION_LEVEL = "-Onone";
			};
			name = Debug;
		};
		61BD6C8E259EF9CC0056BAAE /* Release */ = {
			isa = XCBuildConfiguration;
			buildSettings = {
				ALWAYS_SEARCH_USER_PATHS = NO;
				CLANG_ANALYZER_NONNULL = YES;
				CLANG_ANALYZER_NUMBER_OBJECT_CONVERSION = YES_AGGRESSIVE;
				CLANG_CXX_LANGUAGE_STANDARD = "gnu++14";
				CLANG_CXX_LIBRARY = "libc++";
				CLANG_ENABLE_MODULES = YES;
				CLANG_ENABLE_OBJC_ARC = YES;
				CLANG_ENABLE_OBJC_WEAK = YES;
				CLANG_WARN_BLOCK_CAPTURE_AUTORELEASING = YES;
				CLANG_WARN_BOOL_CONVERSION = YES;
				CLANG_WARN_COMMA = YES;
				CLANG_WARN_CONSTANT_CONVERSION = YES;
				CLANG_WARN_DEPRECATED_OBJC_IMPLEMENTATIONS = YES;
				CLANG_WARN_DIRECT_OBJC_ISA_USAGE = YES_ERROR;
				CLANG_WARN_DOCUMENTATION_COMMENTS = YES;
				CLANG_WARN_EMPTY_BODY = YES;
				CLANG_WARN_ENUM_CONVERSION = YES;
				CLANG_WARN_INFINITE_RECURSION = YES;
				CLANG_WARN_INT_CONVERSION = YES;
				CLANG_WARN_NON_LITERAL_NULL_CONVERSION = YES;
				CLANG_WARN_OBJC_IMPLICIT_RETAIN_SELF = YES;
				CLANG_WARN_OBJC_LITERAL_CONVERSION = YES;
				CLANG_WARN_OBJC_ROOT_CLASS = YES_ERROR;
				CLANG_WARN_QUOTED_INCLUDE_IN_FRAMEWORK_HEADER = YES;
				CLANG_WARN_RANGE_LOOP_ANALYSIS = YES;
				CLANG_WARN_STRICT_PROTOTYPES = YES;
				CLANG_WARN_SUSPICIOUS_MOVE = YES;
				CLANG_WARN_UNGUARDED_AVAILABILITY = YES_AGGRESSIVE;
				CLANG_WARN_UNREACHABLE_CODE = YES;
				CLANG_WARN__DUPLICATE_METHOD_MATCH = YES;
				COPY_PHASE_STRIP = NO;
				DEBUG_INFORMATION_FORMAT = "dwarf-with-dsym";
				ENABLE_NS_ASSERTIONS = NO;
				ENABLE_STRICT_OBJC_MSGSEND = YES;
				GCC_C_LANGUAGE_STANDARD = gnu11;
				GCC_NO_COMMON_BLOCKS = YES;
				GCC_WARN_64_TO_32_BIT_CONVERSION = YES;
				GCC_WARN_ABOUT_RETURN_TYPE = YES_ERROR;
				GCC_WARN_UNDECLARED_SELECTOR = YES;
				GCC_WARN_UNINITIALIZED_AUTOS = YES_AGGRESSIVE;
				GCC_WARN_UNUSED_FUNCTION = YES;
				GCC_WARN_UNUSED_VARIABLE = YES;
				IPHONEOS_DEPLOYMENT_TARGET = 14.3;
				MTL_ENABLE_DEBUG_INFO = NO;
				MTL_FAST_MATH = YES;
				SDKROOT = iphoneos;
				SWIFT_COMPILATION_MODE = wholemodule;
				SWIFT_OPTIMIZATION_LEVEL = "-O";
				VALIDATE_PRODUCT = YES;
			};
			name = Release;
		};
		61BD6C90259EF9CC0056BAAE /* Debug */ = {
			isa = XCBuildConfiguration;
			buildSettings = {
				ASSETCATALOG_COMPILER_APPICON_NAME = AppIcon;
				ASSETCATALOG_COMPILER_GLOBAL_ACCENT_COLOR_NAME = AccentColor;
				CODE_SIGN_STYLE = Automatic;
				DEVELOPMENT_TEAM = 492YAQZFA9;
				INFOPLIST_FILE = PersonalityQuiz/Info.plist;
				LD_RUNPATH_SEARCH_PATHS = (
					"$(inherited)",
					"@executable_path/Frameworks",
				);
				PRODUCT_BUNDLE_IDENTIFIER = "jp.ne.biglobe.kph.4garyou-yukky4.PersonalityQuiz";
				PRODUCT_NAME = "$(TARGET_NAME)";
				SWIFT_VERSION = 5.0;
				TARGETED_DEVICE_FAMILY = "1,2";
			};
			name = Debug;
		};
		61BD6C91259EF9CC0056BAAE /* Release */ = {
			isa = XCBuildConfiguration;
			buildSettings = {
				ASSETCATALOG_COMPILER_APPICON_NAME = AppIcon;
				ASSETCATALOG_COMPILER_GLOBAL_ACCENT_COLOR_NAME = AccentColor;
				CODE_SIGN_STYLE = Automatic;
				DEVELOPMENT_TEAM = 492YAQZFA9;
				INFOPLIST_FILE = PersonalityQuiz/Info.plist;
				LD_RUNPATH_SEARCH_PATHS = (
					"$(inherited)",
					"@executable_path/Frameworks",
				);
				PRODUCT_BUNDLE_IDENTIFIER = "jp.ne.biglobe.kph.4garyou-yukky4.PersonalityQuiz";
				PRODUCT_NAME = "$(TARGET_NAME)";
				SWIFT_VERSION = 5.0;
				TARGETED_DEVICE_FAMILY = "1,2";
			};
			name = Release;
		};
/* End XCBuildConfiguration section */

/* Begin XCConfigurationList section */
		61BD6C76259EF9CB0056BAAE /* Build configuration list for PBXProject "PersonalityQuiz" */ = {
			isa = XCConfigurationList;
			buildConfigurations = (
				61BD6C8D259EF9CC0056BAAE /* Debug */,
				61BD6C8E259EF9CC0056BAAE /* Release */,
			);
			defaultConfigurationIsVisible = 0;
			defaultConfigurationName = Release;
		};
		61BD6C8F259EF9CC0056BAAE /* Build configuration list for PBXNativeTarget "PersonalityQuiz" */ = {
			isa = XCConfigurationList;
			buildConfigurations = (
				61BD6C90259EF9CC0056BAAE /* Debug */,
				61BD6C91259EF9CC0056BAAE /* Release */,
			);
			defaultConfigurationIsVisible = 0;
			defaultConfigurationName = Release;
		};
/* End XCConfigurationList section */
	};
	rootObject = 61BD6C73259EF9CB0056BAAE /* Project object */;
}
